
Microsoft Visual Studio Solution File, Format Version 12.00
# Visual Studio Version 17
VisualStudioVersion = 17.6.33829.357
MinimumVisualStudioVersion = 10.0.40219.1
Project("{9A19103F-16F7-4668-BE54-9A1E7A4F7556}") = "HelloWorld", "HelloWorld\HelloWorld.csproj", "{EAE78ADD-DBDB-4735-AAB2-3E46F7575492}"
EndProject
Project("{FAE04EC0-301F-11D3-BF4B-00C04F79EFBC}") = "dbcosmos", "dbcosmos\dbcosmos.csproj", "{A1CA2DB8-B169-40A9-B5F3-741414C3D554}"
EndProject
Global
	GlobalSection(SolutionConfigurationPlatforms) = preSolution
		Debug|Any CPU = Debug|Any CPU
		Release|Any CPU = Release|Any CPU
	EndGlobalSection
	GlobalSection(ProjectConfigurationPlatforms) = postSolution
		{EAE78ADD-DBDB-4735-AAB2-3E46F7575492}.Debug|Any CPU.ActiveCfg = Debug|Any CPU
		{EAE78ADD-DBDB-4735-AAB2-3E46F7575492}.Debug|Any CPU.Build.0 = Debug|Any CPU
		{EAE78ADD-DBDB-4735-AAB2-3E46F7575492}.Release|Any CPU.ActiveCfg = Release|Any CPU
		{EAE78ADD-DBDB-4735-AAB2-3E46F7575492}.Release|Any CPU.Build.0 = Release|Any CPU
		{A1CA2DB8-B169-40A9-B5F3-741414C3D554}.Debug|Any CPU.ActiveCfg = Debug|Any CPU
		{A1CA2DB8-B169-40A9-B5F3-741414C3D554}.Debug|Any CPU.Build.0 = Debug|Any CPU
		{A1CA2DB8-B169-40A9-B5F3-741414C3D554}.Release|Any CPU.ActiveCfg = Release|Any CPU
		{A1CA2DB8-B169-40A9-B5F3-741414C3D554}.Release|Any CPU.Build.0 = Release|Any CPU
	EndGlobalSection
	GlobalSection(SolutionProperties) = preSolution
		HideSolutionNode = FALSE
	EndGlobalSection
	GlobalSection(ExtensibilityGlobals) = postSolution
		SolutionGuid = {B4A78BCC-421F-4445-9C54-A7675A871C50}
	EndGlobalSection
EndGlobal
